<?xml version="1.0" encoding="utf-8"?>
<Project ToolsVersion="4.0" xmlns="http://schemas.microsoft.com/developer/msbuild/2003">
  <ItemGroup>
    <Filter Include="Source Files">
      <UniqueIdentifier>{4FC737F1-C7A5-4376-A066-2A32D752A2FF}</UniqueIdentifier>
      <Extensions>cpp;c;cc;cxx;def;odl;idl;hpj;bat;asm;asmx</Extensions>
    </Filter>
    <Filter Include="Header Files">
      <UniqueIdentifier>{93995380-89BD-4b04-88EB-625FBE52EBFB}</UniqueIdentifier>
      <Extensions>h;hh;hpp;hxx;hm;inl;inc;ipp;xsd</Extensions>
    </Filter>
    <Filter Include="Resource Files">
      <UniqueIdentifier>{67DA6AB6-F800-4c08-8B7A-83BB121AAD01}</UniqueIdentifier>
      <Extensions>rc;ico;cur;bmp;dlg;rc2;rct;bin;rgs;gif;jpg;jpeg;jpe;resx;tiff;tif;png;wav;mfcribbon-ms</Extensions>
    </Filter>
    <Filter Include="WindowHandling">
      <UniqueIdentifier>{d6856f82-5cf2-476a-89af-12d6fcc602ac}</UniqueIdentifier>
    </Filter>
    <Filter Include="Input">
      <UniqueIdentifier>{7c71d4ec-b73e-4b25-820f-848cb4320242}</UniqueIdentifier>
    </Filter>
    <Filter Include="Input\Keyboard">
      <UniqueIdentifier>{e2101297-284e-456c-9b2e-2bfa11ee1615}</UniqueIdentifier>
    </Filter>
    <Filter Include="ErrorHandling">
      <UniqueIdentifier>{6b047747-1da2-4725-8e35-96f86e742a17}</UniqueIdentifier>
    </Filter>
    <Filter Include="Rendering">
      <UniqueIdentifier>{b62582c3-0e16-424f-98ec-2963da4509ad}</UniqueIdentifier>
    </Filter>
  </ItemGroup>
  <ItemGroup>
    <ClCompile Include="Main.cpp">
      <Filter>Source Files</Filter>
    </ClCompile>
    <ClCompile Include="Window.cpp">
      <Filter>WindowHandling</Filter>
    </ClCompile>
    <ClCompile Include="WindowException.cpp">
      <Filter>WindowHandling</Filter>
    </ClCompile>
    <ClCompile Include="WindowMessage.cpp">
      <Filter>WindowHandling</Filter>
    </ClCompile>
    <ClCompile Include="Keyboard.cpp">
      <Filter>Input\Keyboard</Filter>
    </ClCompile>
    <ClCompile Include="KeyboardException.cpp">
      <Filter>Input\Keyboard</Filter>
    </ClCompile>
    <ClCompile Include="KeyboardMessage.cpp">
      <Filter>Input\Keyboard</Filter>
    </ClCompile>
    <ClCompile Include="MyException.cpp">
      <Filter>ErrorHandling</Filter>
    </ClCompile>
    <ClCompile Include="KeyboardWindowConnector.cpp">
      <Filter>Source Files</Filter>
    </ClCompile>
    <ClCompile Include="WindowToKeyboardPipe.cpp">
      <Filter>Source Files</Filter>
    </ClCompile>
    <ClCompile Include="TriangleRenderer.cpp">
      <Filter>Rendering</Filter>
    </ClCompile>
  </ItemGroup>
  <ItemGroup>
    <ClInclude Include="Window.h">
      <Filter>WindowHandling</Filter>
    </ClInclude>
    <ClInclude Include="MyException.h">
      <Filter>Header Files</Filter>
    </ClInclude>
    <ClInclude Include="WindowException.h">
      <Filter>WindowHandling</Filter>
    </ClInclude>
    <ClInclude Include="WindowMessage.h">
      <Filter>WindowHandling</Filter>
    </ClInclude>
    <ClInclude Include="Keyboard.h">
      <Filter>Input\Keyboard</Filter>
    </ClInclude>
    <ClInclude Include="KeyboardException.h">
      <Filter>Input\Keyboard</Filter>
    </ClInclude>
    <ClInclude Include="KeyboardMessage.h">
      <Filter>Input\Keyboard</Filter>
    </ClInclude>
    <ClInclude Include="KeyboardEventType.h">
      <Filter>Input\Keyboard</Filter>
    </ClInclude>
    <ClInclude Include="IKeyboardEventReceiver.h">
      <Filter>Input\Keyboard</Filter>
    </ClInclude>
    <ClInclude Include="MyWinHeader.h">
      <Filter>ErrorHandling</Filter>
    </ClInclude>
    <ClInclude Include="IWindowMessageReceiver.h">
      <Filter>WindowHandling</Filter>
    </ClInclude>
    <ClInclude Include="KeyboardWindowConnector.h">
      <Filter>Header Files</Filter>
    </ClInclude>
    <ClInclude Include="WindowToKeyboardPipe.h">
      <Filter>Header Files</Filter>
    </ClInclude>
    <ClInclude Include="TriangleRenderer.h">
      <Filter>Rendering</Filter>
    </ClInclude>
  </ItemGroup>
</Project>