
Microsoft Visual Studio Solution File, Format Version 12.00
# Visual Studio Version 16
VisualStudioVersion = 16.0.29324.140
MinimumVisualStudioVersion = 10.0.40219.1
Project("{8BC9CEB8-8B4A-11D0-8D11-00A0C91BC942}") = "GettingInShapes", "GettingInShapes.vcxproj", "{8B66A291-23BF-410E-A133-E96D0049DE10}"
EndProject
Global
	GlobalSection(SolutionConfigurationPlatforms) = preSolution
		Debug|x64 = Debug|x64
		Debug|x86 = Debug|x86
		Release|x64 = Release|x64
		Release|x86 = Release|x86
	EndGlobalSection
	GlobalSection(ProjectConfigurationPlatforms) = postSolution
		{8B66A291-23BF-410E-A133-E96D0049DE10}.Debug|x64.ActiveCfg = Debug|x64
		{8B66A291-23BF-410E-A133-E96D0049DE10}.Debug|x64.Build.0 = Debug|x64
		{8B66A291-23BF-410E-A133-E96D0049DE10}.Debug|x86.ActiveCfg = Debug|Win32
		{8B66A291-23BF-410E-A133-E96D0049DE10}.Debug|x86.Build.0 = Debug|Win32
		{8B66A291-23BF-410E-A133-E96D0049DE10}.Release|x64.ActiveCfg = Release|x64
		{8B66A291-23BF-410E-A133-E96D0049DE10}.Release|x64.Build.0 = Release|x64
		{8B66A291-23BF-410E-A133-E96D0049DE10}.Release|x86.ActiveCfg = Release|Win32
		{8B66A291-23BF-410E-A133-E96D0049DE10}.Release|x86.Build.0 = Release|Win32
	EndGlobalSection
	GlobalSection(SolutionProperties) = preSolution
		HideSolutionNode = FALSE
	EndGlobalSection
	GlobalSection(ExtensibilityGlobals) = postSolution
		SolutionGuid = {C837764A-73EE-4263-8EA7-43BCB104E285}
	EndGlobalSection
EndGlobal
